
Microsoft Visual Studio Solution File, Format Version 12.00
# Visual Studio Version 17
VisualStudioVersion = 17.13.35818.85 d17.13
MinimumVisualStudioVersion = 10.0.40219.1
Project("{FAE04EC0-301F-11D3-BF4B-00C04F79EFBC}") = "modul4_103022300004", "modul4_103022300004.csproj", "{12C12B57-6820-44DD-9EAF-CF252CF01BDB}"
EndProject
Global
	GlobalSection(SolutionConfigurationPlatforms) = preSolution
		Debug|Any CPU = Debug|Any CPU
		Release|Any CPU = Release|Any CPU
	EndGlobalSection
	GlobalSection(ProjectConfigurationPlatforms) = postSolution
		{12C12B57-6820-44DD-9EAF-CF252CF01BDB}.Debug|Any CPU.ActiveCfg = Debug|Any CPU
		{12C12B57-6820-44DD-9EAF-CF252CF01BDB}.Debug|Any CPU.Build.0 = Debug|Any CPU
		{12C12B57-6820-44DD-9EAF-CF252CF01BDB}.Release|Any CPU.ActiveCfg = Release|Any CPU
		{12C12B57-6820-44DD-9EAF-CF252CF01BDB}.Release|Any CPU.Build.0 = Release|Any CPU
	EndGlobalSection
	GlobalSection(SolutionProperties) = preSolution
		HideSolutionNode = FALSE
	EndGlobalSection
	GlobalSection(ExtensibilityGlobals) = postSolution
		SolutionGuid = {D04DCF16-1E56-4BD2-BB34-462601C91496}
	EndGlobalSection
EndGlobal
